
Microsoft Visual Studio Solution File, Format Version 12.00
# Visual Studio 2013
VisualStudioVersion = 12.0.21005.1
MinimumVisualStudioVersion = 10.0.40219.1
Project("{FAE04EC0-301F-11D3-BF4B-00C04F79EFBC}") = "Jeu", "Jeu\Jeu.csproj", "{EED0BD2C-870D-4890-8129-E270A362C8BB}"
EndProject
Project("{F088123C-0E9E-452A-89E6-6BA2F21D5CAC}") = "ModelingProject1", "ModelingProject1\ModelingProject1.modelproj", "{D9720C54-33DA-492F-88E6-77C660CDDD22}"
EndProject
Project("{FAE04EC0-301F-11D3-BF4B-00C04F79EFBC}") = "UnitTestGame", "UnitTestGame\UnitTestGame.csproj", "{412623E7-F95E-42FE-A491-51294E0155CF}"
EndProject
Global
	GlobalSection(SolutionConfigurationPlatforms) = preSolution
		Debug|Any CPU = Debug|Any CPU
		Release|Any CPU = Release|Any CPU
	EndGlobalSection
	GlobalSection(ProjectConfigurationPlatforms) = postSolution
		{EED0BD2C-870D-4890-8129-E270A362C8BB}.Debug|Any CPU.ActiveCfg = Debug|Any CPU
		{EED0BD2C-870D-4890-8129-E270A362C8BB}.Debug|Any CPU.Build.0 = Debug|Any CPU
		{EED0BD2C-870D-4890-8129-E270A362C8BB}.Release|Any CPU.ActiveCfg = Release|Any CPU
		{EED0BD2C-870D-4890-8129-E270A362C8BB}.Release|Any CPU.Build.0 = Release|Any CPU
		{D9720C54-33DA-492F-88E6-77C660CDDD22}.Debug|Any CPU.ActiveCfg = Debug|Any CPU
		{D9720C54-33DA-492F-88E6-77C660CDDD22}.Debug|Any CPU.Build.0 = Debug|Any CPU
		{D9720C54-33DA-492F-88E6-77C660CDDD22}.Release|Any CPU.ActiveCfg = Release|Any CPU
		{D9720C54-33DA-492F-88E6-77C660CDDD22}.Release|Any CPU.Build.0 = Release|Any CPU
		{412623E7-F95E-42FE-A491-51294E0155CF}.Debug|Any CPU.ActiveCfg = Debug|Any CPU
		{412623E7-F95E-42FE-A491-51294E0155CF}.Debug|Any CPU.Build.0 = Debug|Any CPU
		{412623E7-F95E-42FE-A491-51294E0155CF}.Release|Any CPU.ActiveCfg = Release|Any CPU
		{412623E7-F95E-42FE-A491-51294E0155CF}.Release|Any CPU.Build.0 = Release|Any CPU
	EndGlobalSection
	GlobalSection(SolutionProperties) = preSolution
		HideSolutionNode = FALSE
	EndGlobalSection
EndGlobal
